// !$*UTF8*$!
{
	archiveVersion = 1;
	classes = {
	};
	objectVersion = 50;
	objects = {

/* Begin PBXBuildFile section */
		04097EEF234CC7080015EC92 /* CatoryCVcell.swift in Sources */ = {isa = PBXBuildFile; fileRef = 04097EEE234CC7080015EC92 /* CatoryCVcell.swift */; };
		040B3FCE234A2FEF00178258 /* Morecell.swift in Sources */ = {isa = PBXBuildFile; fileRef = 040B3FCD234A2FEF00178258 /* Morecell.swift */; };
		040E72D8234B777F0086320D /* BannerCell.swift in Sources */ = {isa = PBXBuildFile; fileRef = 040E72D7234B777F0086320D /* BannerCell.swift */; };
		040E72DA234B77A20086320D /* CatoriesCell.swift in Sources */ = {isa = PBXBuildFile; fileRef = 040E72D9234B77A20086320D /* CatoriesCell.swift */; };
		040E72DC234B77C50086320D /* ProductCell.swift in Sources */ = {isa = PBXBuildFile; fileRef = 040E72DB234B77C50086320D /* ProductCell.swift */; };
		040E72DE234B78540086320D /* ProductCVCell.swift in Sources */ = {isa = PBXBuildFile; fileRef = 040E72DD234B78540086320D /* ProductCVCell.swift */; };
		040E72E0234B7C990086320D /* HomeController.swift in Sources */ = {isa = PBXBuildFile; fileRef = 040E72DF234B7C990086320D /* HomeController.swift */; };
		042A1AAE234E149C00E0DFB6 /* ProductDetail.swift in Sources */ = {isa = PBXBuildFile; fileRef = 042A1AAD234E149C00E0DFB6 /* ProductDetail.swift */; };
		0484090D234DE0A40086DF7F /* Giohang.swift in Sources */ = {isa = PBXBuildFile; fileRef = 0484090C234DE0A40086DF7F /* Giohang.swift */; };
		04840910234DE1850086DF7F /* SoluongTableViewCell.swift in Sources */ = {isa = PBXBuildFile; fileRef = 0484090F234DE1850086DF7F /* SoluongTableViewCell.swift */; };
		04840912234DE1AE0086DF7F /* Thongtin.swift in Sources */ = {isa = PBXBuildFile; fileRef = 04840911234DE1AE0086DF7F /* Thongtin.swift */; };
		04840914234DE1E50086DF7F /* Danhsach.swift in Sources */ = {isa = PBXBuildFile; fileRef = 04840913234DE1E50086DF7F /* Danhsach.swift */; };
		0485B90B23477941007DEFD0 /* AppDelegate.swift in Sources */ = {isa = PBXBuildFile; fileRef = 0485B90A23477941007DEFD0 /* AppDelegate.swift */; };
		0485B90D23477941007DEFD0 /* ViewController.swift in Sources */ = {isa = PBXBuildFile; fileRef = 0485B90C23477941007DEFD0 /* ViewController.swift */; };
		0485B91023477941007DEFD0 /* Main.storyboard in Resources */ = {isa = PBXBuildFile; fileRef = 0485B90E23477941007DEFD0 /* Main.storyboard */; };
		0485B91223477947007DEFD0 /* Assets.xcassets in Resources */ = {isa = PBXBuildFile; fileRef = 0485B91123477947007DEFD0 /* Assets.xcassets */; };
		0485B91523477947007DEFD0 /* LaunchScreen.storyboard in Resources */ = {isa = PBXBuildFile; fileRef = 0485B91323477947007DEFD0 /* LaunchScreen.storyboard */; };
		04885CEC234A03DF0088351D /* Acount.swift in Sources */ = {isa = PBXBuildFile; fileRef = 04885CEB234A03DF0088351D /* Acount.swift */; };
/* End PBXBuildFile section */

/* Begin PBXFileReference section */
		04097EEE234CC7080015EC92 /* CatoryCVcell.swift */ = {isa = PBXFileReference; lastKnownFileType = sourcecode.swift; path = CatoryCVcell.swift; sourceTree = "<group>"; };
		040B3FCD234A2FEF00178258 /* Morecell.swift */ = {isa = PBXFileReference; lastKnownFileType = sourcecode.swift; path = Morecell.swift; sourceTree = "<group>"; };
		040E72D7234B777F0086320D /* BannerCell.swift */ = {isa = PBXFileReference; lastKnownFileType = sourcecode.swift; path = BannerCell.swift; sourceTree = "<group>"; };
		040E72D9234B77A20086320D /* CatoriesCell.swift */ = {isa = PBXFileReference; lastKnownFileType = sourcecode.swift; path = CatoriesCell.swift; sourceTree = "<group>"; };
		040E72DB234B77C50086320D /* ProductCell.swift */ = {isa = PBXFileReference; lastKnownFileType = sourcecode.swift; path = ProductCell.swift; sourceTree = "<group>"; };
		040E72DD234B78540086320D /* ProductCVCell.swift */ = {isa = PBXFileReference; lastKnownFileType = sourcecode.swift; path = ProductCVCell.swift; sourceTree = "<group>"; };
		040E72DF234B7C990086320D /* HomeController.swift */ = {isa = PBXFileReference; lastKnownFileType = sourcecode.swift; path = HomeController.swift; sourceTree = "<group>"; };
		042A1AAD234E149C00E0DFB6 /* ProductDetail.swift */ = {isa = PBXFileReference; lastKnownFileType = sourcecode.swift; path = ProductDetail.swift; sourceTree = "<group>"; };
		0484090C234DE0A40086DF7F /* Giohang.swift */ = {isa = PBXFileReference; lastKnownFileType = sourcecode.swift; path = Giohang.swift; sourceTree = "<group>"; };
		0484090F234DE1850086DF7F /* SoluongTableViewCell.swift */ = {isa = PBXFileReference; lastKnownFileType = sourcecode.swift; path = SoluongTableViewCell.swift; sourceTree = "<group>"; };
		04840911234DE1AE0086DF7F /* Thongtin.swift */ = {isa = PBXFileReference; lastKnownFileType = sourcecode.swift; path = Thongtin.swift; sourceTree = "<group>"; };
		04840913234DE1E50086DF7F /* Danhsach.swift */ = {isa = PBXFileReference; lastKnownFileType = sourcecode.swift; path = Danhsach.swift; sourceTree = "<group>"; };
		0485B90723477941007DEFD0 /* App_4_10.app */ = {isa = PBXFileReference; explicitFileType = wrapper.application; includeInIndex = 0; path = App_4_10.app; sourceTree = BUILT_PRODUCTS_DIR; };
		0485B90A23477941007DEFD0 /* AppDelegate.swift */ = {isa = PBXFileReference; lastKnownFileType = sourcecode.swift; path = AppDelegate.swift; sourceTree = "<group>"; };
		0485B90C23477941007DEFD0 /* ViewController.swift */ = {isa = PBXFileReference; lastKnownFileType = sourcecode.swift; path = ViewController.swift; sourceTree = "<group>"; };
		0485B90F23477941007DEFD0 /* Base */ = {isa = PBXFileReference; lastKnownFileType = file.storyboard; name = Base; path = Base.lproj/Main.storyboard; sourceTree = "<group>"; };
		0485B91123477947007DEFD0 /* Assets.xcassets */ = {isa = PBXFileReference; lastKnownFileType = folder.assetcatalog; path = Assets.xcassets; sourceTree = "<group>"; };
		0485B91423477947007DEFD0 /* Base */ = {isa = PBXFileReference; lastKnownFileType = file.storyboard; name = Base; path = Base.lproj/LaunchScreen.storyboard; sourceTree = "<group>"; };
		0485B91623477947007DEFD0 /* Info.plist */ = {isa = PBXFileReference; lastKnownFileType = text.plist.xml; path = Info.plist; sourceTree = "<group>"; };
		04885CEB234A03DF0088351D /* Acount.swift */ = {isa = PBXFileReference; lastKnownFileType = sourcecode.swift; path = Acount.swift; sourceTree = "<group>"; };
/* End PBXFileReference section */

/* Begin PBXFrameworksBuildPhase section */
		0485B90423477941007DEFD0 /* Frameworks */ = {
			isa = PBXFrameworksBuildPhase;
			buildActionMask = 2147483647;
			files = (
			);
			runOnlyForDeploymentPostprocessing = 0;
		};
/* End PBXFrameworksBuildPhase section */

/* Begin PBXGroup section */
		040B3FCF234A575000178258 /* Canhan */ = {
			isa = PBXGroup;
			children = (
				040B3FCD234A2FEF00178258 /* Morecell.swift */,
				04885CEB234A03DF0088351D /* Acount.swift */,
			);
			path = Canhan;
			sourceTree = "<group>";
		};
		0484090E234DE0FE0086DF7F /* GIOHANG */ = {
			isa = PBXGroup;
			children = (
				04840913234DE1E50086DF7F /* Danhsach.swift */,
				04840911234DE1AE0086DF7F /* Thongtin.swift */,
				0484090F234DE1850086DF7F /* SoluongTableViewCell.swift */,
				0484090C234DE0A40086DF7F /* Giohang.swift */,
			);
			name = GIOHANG;
			sourceTree = "<group>";
		};
		0485B8FE23477941007DEFD0 = {
			isa = PBXGroup;
			children = (
				0485B90923477941007DEFD0 /* App_4_10 */,
				0485B90823477941007DEFD0 /* Products */,
			);
			sourceTree = "<group>";
		};
		0485B90823477941007DEFD0 /* Products */ = {
			isa = PBXGroup;
			children = (
				0485B90723477941007DEFD0 /* App_4_10.app */,
			);
			name = Products;
			sourceTree = "<group>";
		};
		0485B90923477941007DEFD0 /* App_4_10 */ = {
			isa = PBXGroup;
			children = (
				0485B90A23477941007DEFD0 /* AppDelegate.swift */,
				0485B90C23477941007DEFD0 /* ViewController.swift */,
				0485B90E23477941007DEFD0 /* Main.storyboard */,
				0485B928234783BE007DEFD0 /* HOME */,
				040B3FCF234A575000178258 /* Canhan */,
				0484090E234DE0FE0086DF7F /* GIOHANG */,
				0485B91123477947007DEFD0 /* Assets.xcassets */,
				0485B91323477947007DEFD0 /* LaunchScreen.storyboard */,
				0485B91623477947007DEFD0 /* Info.plist */,
			);
			path = App_4_10;
			sourceTree = "<group>";
		};
		0485B928234783BE007DEFD0 /* HOME */ = {
			isa = PBXGroup;
			children = (
				040E72DD234B78540086320D /* ProductCVCell.swift */,
				040E72DB234B77C50086320D /* ProductCell.swift */,
				042A1AAD234E149C00E0DFB6 /* ProductDetail.swift */,
				040E72D9234B77A20086320D /* CatoriesCell.swift */,
				04097EEE234CC7080015EC92 /* CatoryCVcell.swift */,
				040E72D7234B777F0086320D /* BannerCell.swift */,
				040E72DF234B7C990086320D /* HomeController.swift */,
			);
			name = HOME;
			sourceTree = "<group>";
		};
/* End PBXGroup section */

/* Begin PBXNativeTarget section */
		0485B90623477941007DEFD0 /* App_4_10 */ = {
			isa = PBXNativeTarget;
			buildConfigurationList = 0485B91923477947007DEFD0 /* Build configuration list for PBXNativeTarget "App_4_10" */;
			buildPhases = (
				0485B90323477941007DEFD0 /* Sources */,
				0485B90423477941007DEFD0 /* Frameworks */,
				0485B90523477941007DEFD0 /* Resources */,
			);
			buildRules = (
			);
			dependencies = (
			);
			name = App_4_10;
			productName = App_4_10;
			productReference = 0485B90723477941007DEFD0 /* App_4_10.app */;
			productType = "com.apple.product-type.application";
		};
/* End PBXNativeTarget section */

/* Begin PBXProject section */
		0485B8FF23477941007DEFD0 /* Project object */ = {
			isa = PBXProject;
			attributes = {
				LastSwiftUpdateCheck = 1010;
				LastUpgradeCheck = 1010;
				ORGANIZATIONNAME = HaHieuUyen;
				TargetAttributes = {
					0485B90623477941007DEFD0 = {
						CreatedOnToolsVersion = 10.1;
					};
				};
			};
			buildConfigurationList = 0485B90223477941007DEFD0 /* Build configuration list for PBXProject "App_4_10" */;
			compatibilityVersion = "Xcode 9.3";
			developmentRegion = en;
			hasScannedForEncodings = 0;
			knownRegions = (
				en,
				Base,
			);
			mainGroup = 0485B8FE23477941007DEFD0;
			productRefGroup = 0485B90823477941007DEFD0 /* Products */;
			projectDirPath = "";
			projectRoot = "";
			targets = (
				0485B90623477941007DEFD0 /* App_4_10 */,
			);
		};
/* End PBXProject section */

/* Begin PBXResourcesBuildPhase section */
		0485B90523477941007DEFD0 /* Resources */ = {
			isa = PBXResourcesBuildPhase;
			buildActionMask = 2147483647;
			files = (
				0485B91523477947007DEFD0 /* LaunchScreen.storyboard in Resources */,
				0485B91223477947007DEFD0 /* Assets.xcassets in Resources */,
				0485B91023477941007DEFD0 /* Main.storyboard in Resources */,
			);
			runOnlyForDeploymentPostprocessing = 0;
		};
/* End PBXResourcesBuildPhase section */

/* Begin PBXSourcesBuildPhase section */
		0485B90323477941007DEFD0 /* Sources */ = {
			isa = PBXSourcesBuildPhase;
			buildActionMask = 2147483647;
			files = (
				0485B90D23477941007DEFD0 /* ViewController.swift in Sources */,
				04840912234DE1AE0086DF7F /* Thongtin.swift in Sources */,
				0485B90B23477941007DEFD0 /* AppDelegate.swift in Sources */,
				040E72DA234B77A20086320D /* CatoriesCell.swift in Sources */,
				04885CEC234A03DF0088351D /* Acount.swift in Sources */,
				04097EEF234CC7080015EC92 /* CatoryCVcell.swift in Sources */,
				040E72DE234B78540086320D /* ProductCVCell.swift in Sources */,
				040E72E0234B7C990086320D /* HomeController.swift in Sources */,
				0484090D234DE0A40086DF7F /* Giohang.swift in Sources */,
				040E72DC234B77C50086320D /* ProductCell.swift in Sources */,
				040B3FCE234A2FEF00178258 /* Morecell.swift in Sources */,
				042A1AAE234E149C00E0DFB6 /* ProductDetail.swift in Sources */,
				040E72D8234B777F0086320D /* BannerCell.swift in Sources */,
				04840910234DE1850086DF7F /* SoluongTableViewCell.swift in Sources */,
				04840914234DE1E50086DF7F /* Danhsach.swift in Sources */,
			);
			runOnlyForDeploymentPostprocessing = 0;
		};
/* End PBXSourcesBuildPhase section */

/* Begin PBXVariantGroup section */
		0485B90E23477941007DEFD0 /* Main.storyboard */ = {
			isa = PBXVariantGroup;
			children = (
				0485B90F23477941007DEFD0 /* Base */,
			);
			name = Main.storyboard;
			sourceTree = "<group>";
		};
		0485B91323477947007DEFD0 /* LaunchScreen.storyboard */ = {
			isa = PBXVariantGroup;
			children = (
				0485B91423477947007DEFD0 /* Base */,
			);
			name = LaunchScreen.storyboard;
			sourceTree = "<group>";
		};
/* End PBXVariantGroup section */

/* Begin XCBuildConfiguration section */
		0485B91723477947007DEFD0 /* Debug */ = {
			isa = XCBuildConfiguration;
			buildSettings = {
				ALWAYS_SEARCH_USER_PATHS = NO;
				CLANG_ANALYZER_NONNULL = YES;
				CLANG_ANALYZER_NUMBER_OBJECT_CONVERSION = YES_AGGRESSIVE;
				CLANG_CXX_LANGUAGE_STANDARD = "gnu++14";
				CLANG_CXX_LIBRARY = "libc++";
				CLANG_ENABLE_MODULES = YES;
				CLANG_ENABLE_OBJC_ARC = YES;
				CLANG_ENABLE_OBJC_WEAK = YES;
				CLANG_WARN_BLOCK_CAPTURE_AUTORELEASING = YES;
				CLANG_WARN_BOOL_CONVERSION = YES;
				CLANG_WARN_COMMA = YES;
				CLANG_WARN_CONSTANT_CONVERSION = YES;
				CLANG_WARN_DEPRECATED_OBJC_IMPLEMENTATIONS = YES;
				CLANG_WARN_DIRECT_OBJC_ISA_USAGE = YES_ERROR;
				CLANG_WARN_DOCUMENTATION_COMMENTS = YES;
				CLANG_WARN_EMPTY_BODY = YES;
				CLANG_WARN_ENUM_CONVERSION = YES;
				CLANG_WARN_INFINITE_RECURSION = YES;
				CLANG_WARN_INT_CONVERSION = YES;
				CLANG_WARN_NON_LITERAL_NULL_CONVERSION = YES;
				CLANG_WARN_OBJC_IMPLICIT_RETAIN_SELF = YES;
				CLANG_WARN_OBJC_LITERAL_CONVERSION = YES;
				CLANG_WARN_OBJC_ROOT_CLASS = YES_ERROR;
				CLANG_WARN_RANGE_LOOP_ANALYSIS = YES;
				CLANG_WARN_STRICT_PROTOTYPES = YES;
				CLANG_WARN_SUSPICIOUS_MOVE = YES;
				CLANG_WARN_UNGUARDED_AVAILABILITY = YES_AGGRESSIVE;
				CLANG_WARN_UNREACHABLE_CODE = YES;
				CLANG_WARN__DUPLICATE_METHOD_MATCH = YES;
				CODE_SIGN_IDENTITY = "iPhone Developer";
				COPY_PHASE_STRIP = NO;
				DEBUG_INFORMATION_FORMAT = dwarf;
				ENABLE_STRICT_OBJC_MSGSEND = YES;
				ENABLE_TESTABILITY = YES;
				GCC_C_LANGUAGE_STANDARD = gnu11;
				GCC_DYNAMIC_NO_PIC = NO;
				GCC_NO_COMMON_BLOCKS = YES;
				GCC_OPTIMIZATION_LEVEL = 0;
				GCC_PREPROCESSOR_DEFINITIONS = (
					"DEBUG=1",
					"$(inherited)",
				);
				GCC_WARN_64_TO_32_BIT_CONVERSION = YES;
				GCC_WARN_ABOUT_RETURN_TYPE = YES_ERROR;
				GCC_WARN_UNDECLARED_SELECTOR = YES;
				GCC_WARN_UNINITIALIZED_AUTOS = YES_AGGRESSIVE;
				GCC_WARN_UNUSED_FUNCTION = YES;
				GCC_WARN_UNUSED_VARIABLE = YES;
				IPHONEOS_DEPLOYMENT_TARGET = 12.1;
				MTL_ENABLE_DEBUG_INFO = INCLUDE_SOURCE;
				MTL_FAST_MATH = YES;
				ONLY_ACTIVE_ARCH = YES;
				SDKROOT = iphoneos;
				SWIFT_ACTIVE_COMPILATION_CONDITIONS = DEBUG;
				SWIFT_OPTIMIZATION_LEVEL = "-Onone";
			};
			name = Debug;
		};
		0485B91823477947007DEFD0 /* Release */ = {
			isa = XCBuildConfiguration;
			buildSettings = {
				ALWAYS_SEARCH_USER_PATHS = NO;
				CLANG_ANALYZER_NONNULL = YES;
				CLANG_ANALYZER_NUMBER_OBJECT_CONVERSION = YES_AGGRESSIVE;
				CLANG_CXX_LANGUAGE_STANDARD = "gnu++14";
				CLANG_CXX_LIBRARY = "libc++";
				CLANG_ENABLE_MODULES = YES;
				CLANG_ENABLE_OBJC_ARC = YES;
				CLANG_ENABLE_OBJC_WEAK = YES;
				CLANG_WARN_BLOCK_CAPTURE_AUTORELEASING = YES;
				CLANG_WARN_BOOL_CONVERSION = YES;
				CLANG_WARN_COMMA = YES;
				CLANG_WARN_CONSTANT_CONVERSION = YES;
				CLANG_WARN_DEPRECATED_OBJC_IMPLEMENTATIONS = YES;
				CLANG_WARN_DIRECT_OBJC_ISA_USAGE = YES_ERROR;
				CLANG_WARN_DOCUMENTATION_COMMENTS = YES;
				CLANG_WARN_EMPTY_BODY = YES;
				CLANG_WARN_ENUM_CONVERSION = YES;
				CLANG_WARN_INFINITE_RECURSION = YES;
				CLANG_WARN_INT_CONVERSION = YES;
				CLANG_WARN_NON_LITERAL_NULL_CONVERSION = YES;
				CLANG_WARN_OBJC_IMPLICIT_RETAIN_SELF = YES;
				CLANG_WARN_OBJC_LITERAL_CONVERSION = YES;
				CLANG_WARN_OBJC_ROOT_CLASS = YES_ERROR;
				CLANG_WARN_RANGE_LOOP_ANALYSIS = YES;
				CLANG_WARN_STRICT_PROTOTYPES = YES;
				CLANG_WARN_SUSPICIOUS_MOVE = YES;
				CLANG_WARN_UNGUARDED_AVAILABILITY = YES_AGGRESSIVE;
				CLANG_WARN_UNREACHABLE_CODE = YES;
				CLANG_WARN__DUPLICATE_METHOD_MATCH = YES;
				CODE_SIGN_IDENTITY = "iPhone Developer";
				COPY_PHASE_STRIP = NO;
				DEBUG_INFORMATION_FORMAT = "dwarf-with-dsym";
				ENABLE_NS_ASSERTIONS = NO;
				ENABLE_STRICT_OBJC_MSGSEND = YES;
				GCC_C_LANGUAGE_STANDARD = gnu11;
				GCC_NO_COMMON_BLOCKS = YES;
				GCC_WARN_64_TO_32_BIT_CONVERSION = YES;
				GCC_WARN_ABOUT_RETURN_TYPE = YES_ERROR;
				GCC_WARN_UNDECLARED_SELECTOR = YES;
				GCC_WARN_UNINITIALIZED_AUTOS = YES_AGGRESSIVE;
				GCC_WARN_UNUSED_FUNCTION = YES;
				GCC_WARN_UNUSED_VARIABLE = YES;
				IPHONEOS_DEPLOYMENT_TARGET = 12.1;
				MTL_ENABLE_DEBUG_INFO = NO;
				MTL_FAST_MATH = YES;
				SDKROOT = iphoneos;
				SWIFT_COMPILATION_MODE = wholemodule;
				SWIFT_OPTIMIZATION_LEVEL = "-O";
				VALIDATE_PRODUCT = YES;
			};
			name = Release;
		};
		0485B91A23477947007DEFD0 /* Debug */ = {
			isa = XCBuildConfiguration;
			buildSettings = {
				ASSETCATALOG_COMPILER_APPICON_NAME = AppIcon;
				CODE_SIGN_STYLE = Automatic;
				INFOPLIST_FILE = App_4_10/Info.plist;
				LD_RUNPATH_SEARCH_PATHS = (
					"$(inherited)",
					"@executable_path/Frameworks",
				);
				PRODUCT_BUNDLE_IDENTIFIER = "com.hhu.App-4-10";
				PRODUCT_NAME = "$(TARGET_NAME)";
				SWIFT_VERSION = 4.2;
				TARGETED_DEVICE_FAMILY = "1,2";
			};
			name = Debug;
		};
		0485B91B23477947007DEFD0 /* Release */ = {
			isa = XCBuildConfiguration;
			buildSettings = {
				ASSETCATALOG_COMPILER_APPICON_NAME = AppIcon;
				CODE_SIGN_STYLE = Automatic;
				INFOPLIST_FILE = App_4_10/Info.plist;
				LD_RUNPATH_SEARCH_PATHS = (
					"$(inherited)",
					"@executable_path/Frameworks",
				);
				PRODUCT_BUNDLE_IDENTIFIER = "com.hhu.App-4-10";
				PRODUCT_NAME = "$(TARGET_NAME)";
				SWIFT_VERSION = 4.2;
				TARGETED_DEVICE_FAMILY = "1,2";
			};
			name = Release;
		};
/* End XCBuildConfiguration section */

/* Begin XCConfigurationList section */
		0485B90223477941007DEFD0 /* Build configuration list for PBXProject "App_4_10" */ = {
			isa = XCConfigurationList;
			buildConfigurations = (
				0485B91723477947007DEFD0 /* Debug */,
				0485B91823477947007DEFD0 /* Release */,
			);
			defaultConfigurationIsVisible = 0;
			defaultConfigurationName = Release;
		};
		0485B91923477947007DEFD0 /* Build configuration list for PBXNativeTarget "App_4_10" */ = {
			isa = XCConfigurationList;
			buildConfigurations = (
				0485B91A23477947007DEFD0 /* Debug */,
				0485B91B23477947007DEFD0 /* Release */,
			);
			defaultConfigurationIsVisible = 0;
			defaultConfigurationName = Release;
		};
/* End XCConfigurationList section */
	};
	rootObject = 0485B8FF23477941007DEFD0 /* Project object */;
}
